# This file was autogenerated by Stack.
# You should not edit this file by hand.
# For more information, please see the documentation at:
#   https://docs.haskellstack.org/en/stable/lock_files

packages:
- completed:
    hackage: http2-2.0.0@sha256:36c4523e844424249e5a4078c3570c4e6851e33420bd71bcd4f669314718c48d,18102
    pantry-tree:
      size: 44787
      sha256: 5c69e78b0bb0e561a0d23e7f5712baa876edbb454ebce24ed82523e802262c65
  original:
    hackage: http2-2.0.0
- completed:
    hackage: network-byte-order-0.1.1.0@sha256:c4845152533215b6d9e1e4d916329cded61e077fc1dae66e529bc248be7dc430,1236
    pantry-tree:
      size: 280
      sha256: 3eac63ff46f665ed80d4c3e69c7d31e63ba3a3cea38610c835610be543ffd843
  original:
    hackage: network-byte-order-0.1.1.0
- completed:
    hackage: tls-1.5.3@sha256:63b924dc35c5bcdff3910e60896bea04537d362c732e6f70c79b80f0f30dbd9e,6753
    pantry-tree:
      size: 4688
      sha256: 728222626a416e5f8908689a2023baf597481e47213ee7e2d656b9eaebbb03ee
  original:
    hackage: tls-1.5.3
- completed:
    hackage: tls-session-manager-0.0.4@sha256:3b2e7e40b5be043b35a19fe1ed8b7e016a9c827f55777a9f9cb5e08860390d5d,1031
    pantry-tree:
      size: 347
      sha256: ebab3cec6e761137b39991e878c91dc9aa48c522172336e1e5542cf0a2681f9e
  original:
    hackage: tls-session-manager-0.0.4
snapshots:
- completed:
    size: 532414
    url: https://raw.githubusercontent.com/commercialhaskell/stackage-snapshots/master/lts/16/22.yaml
    sha256: e483fb88549fc0f454c190979bf35ac91c7aceff2c0e71e7d8edd11842d772d8
  original: lts-16.22
